// !$*UTF8*$!
{
	archiveVersion = 1;
	classes = {
	};
	objectVersion = 51;
	objects = {

/* Begin PBXBuildFile section */
		2C33435B121433016F3989B5 /* Pods_MVVM.framework in Frameworks */ = {isa = PBXBuildFile; fileRef = B736426C7D9C7B88455B8512 /* Pods_MVVM.framework */; };
		8D01120425DE16A200586535 /* UIBinding.swift in Sources */ = {isa = PBXBuildFile; fileRef = 8D01120325DE16A200586535 /* UIBinding.swift */; };
		8D5C09FC25DBA91400F78DC8 /* RestaurantModel.swift in Sources */ = {isa = PBXBuildFile; fileRef = 8D5C09FB25DBA91400F78DC8 /* RestaurantModel.swift */; };
		8D5C0A0025DBAFEC00F78DC8 /* Service.swift in Sources */ = {isa = PBXBuildFile; fileRef = 8D5C09FF25DBAFEC00F78DC8 /* Service.swift */; };
		8D6B66D725EE1DDF008D150B /* RestaurantTests.swift in Sources */ = {isa = PBXBuildFile; fileRef = 8D6B66D625EE1DDF008D150B /* RestaurantTests.swift */; };
		8D7685E5260070E000459380 /* AddReviewResponse.swift in Sources */ = {isa = PBXBuildFile; fileRef = 8D7685E4260070E000459380 /* AddReviewResponse.swift */; };
		8D7685ED2600744D00459380 /* AddReviewState.swift in Sources */ = {isa = PBXBuildFile; fileRef = 8D7685EC2600744D00459380 /* AddReviewState.swift */; };
		8D7AD52825DBA6E40033E191 /* AppDelegate.swift in Sources */ = {isa = PBXBuildFile; fileRef = 8D7AD52725DBA6E40033E191 /* AppDelegate.swift */; };
		8D7AD52A25DBA6E40033E191 /* SceneDelegate.swift in Sources */ = {isa = PBXBuildFile; fileRef = 8D7AD52925DBA6E40033E191 /* SceneDelegate.swift */; };
		8D7AD52C25DBA6E40033E191 /* RestaurantDetailViewController.swift in Sources */ = {isa = PBXBuildFile; fileRef = 8D7AD52B25DBA6E40033E191 /* RestaurantDetailViewController.swift */; };
		8D7AD52F25DBA6E40033E191 /* Main.storyboard in Resources */ = {isa = PBXBuildFile; fileRef = 8D7AD52D25DBA6E40033E191 /* Main.storyboard */; };
		8D7AD53125DBA6E40033E191 /* Assets.xcassets in Resources */ = {isa = PBXBuildFile; fileRef = 8D7AD53025DBA6E40033E191 /* Assets.xcassets */; };
		8D7AD53425DBA6E40033E191 /* LaunchScreen.storyboard in Resources */ = {isa = PBXBuildFile; fileRef = 8D7AD53225DBA6E40033E191 /* LaunchScreen.storyboard */; };
		8D7AD54225DBA7760033E191 /* RestaurantViewModel.swift in Sources */ = {isa = PBXBuildFile; fileRef = 8D7AD54125DBA7760033E191 /* RestaurantViewModel.swift */; };
		8D7D823225DCDB9F00622873 /* Helper.swift in Sources */ = {isa = PBXBuildFile; fileRef = 8D7D823125DCDB9F00622873 /* Helper.swift */; };
		8D8C4AE325DD6507008D7E7E /* DynamicTypes.swift in Sources */ = {isa = PBXBuildFile; fileRef = 8D8C4AE225DD6507008D7E7E /* DynamicTypes.swift */; };
		8D8C4AE725DD6B73008D7E7E /* RestaurantResponse.swift in Sources */ = {isa = PBXBuildFile; fileRef = 8D8C4AE625DD6B73008D7E7E /* RestaurantResponse.swift */; };
		8D8C4AEB25DD6BA5008D7E7E /* RestaurantDetailResponse.swift in Sources */ = {isa = PBXBuildFile; fileRef = 8D8C4AEA25DD6BA5008D7E7E /* RestaurantDetailResponse.swift */; };
		8D8C4AF425DD7052008D7E7E /* RestaurantDetailDataSource.swift in Sources */ = {isa = PBXBuildFile; fileRef = 8D8C4AF325DD7052008D7E7E /* RestaurantDetailDataSource.swift */; };
		8D8C4AFC25DD70A8008D7E7E /* RestaurantDetailCell.swift in Sources */ = {isa = PBXBuildFile; fileRef = 8D8C4AFA25DD70A8008D7E7E /* RestaurantDetailCell.swift */; };
		8D8C4AFD25DD70A8008D7E7E /* RestaurantDetailCell.xib in Resources */ = {isa = PBXBuildFile; fileRef = 8D8C4AFB25DD70A8008D7E7E /* RestaurantDetailCell.xib */; };
		8D9F358825F743E600D9F8DE /* Tracker.swift in Sources */ = {isa = PBXBuildFile; fileRef = 8D9F358725F743E600D9F8DE /* Tracker.swift */; };
		8DA13F5F26011327002492B0 /* ServiceMock.swift in Sources */ = {isa = PBXBuildFile; fileRef = 8DA13F5E26011327002492B0 /* ServiceMock.swift */; };
		8DCE81F02609ED3100AA2A6F /* AddReviewViewModelTests.swift in Sources */ = {isa = PBXBuildFile; fileRef = 8DCE81EF2609ED3000AA2A6F /* AddReviewViewModelTests.swift */; };
		8DF8FB9C25DD7CF5003FFED3 /* AddReviewViewController.swift in Sources */ = {isa = PBXBuildFile; fileRef = 8DF8FB9B25DD7CF5003FFED3 /* AddReviewViewController.swift */; };
		8DF8FBA025DD7EA6003FFED3 /* AddReviewViewModel.swift in Sources */ = {isa = PBXBuildFile; fileRef = 8DF8FB9F25DD7EA6003FFED3 /* AddReviewViewModel.swift */; };
/* End PBXBuildFile section */

/* Begin PBXContainerItemProxy section */
		8D6B66CA25EE1CF6008D150B /* PBXContainerItemProxy */ = {
			isa = PBXContainerItemProxy;
			containerPortal = 8D7AD51C25DBA6E30033E191 /* Project object */;
			proxyType = 1;
			remoteGlobalIDString = 8D7AD52325DBA6E40033E191;
			remoteInfo = MVVM;
		};
/* End PBXContainerItemProxy section */

/* Begin PBXFileReference section */
		8D01120325DE16A200586535 /* UIBinding.swift */ = {isa = PBXFileReference; lastKnownFileType = sourcecode.swift; path = UIBinding.swift; sourceTree = "<group>"; };
		8D5C09FB25DBA91400F78DC8 /* RestaurantModel.swift */ = {isa = PBXFileReference; lastKnownFileType = sourcecode.swift; path = RestaurantModel.swift; sourceTree = "<group>"; };
		8D5C09FF25DBAFEC00F78DC8 /* Service.swift */ = {isa = PBXFileReference; lastKnownFileType = sourcecode.swift; path = Service.swift; sourceTree = "<group>"; };
		8D6B66C525EE1CF6008D150B /* MVVMTests.xctest */ = {isa = PBXFileReference; explicitFileType = wrapper.cfbundle; includeInIndex = 0; path = MVVMTests.xctest; sourceTree = BUILT_PRODUCTS_DIR; };
		8D6B66C925EE1CF6008D150B /* Info.plist */ = {isa = PBXFileReference; lastKnownFileType = text.plist.xml; path = Info.plist; sourceTree = "<group>"; };
		8D6B66D525EE1DDF008D150B /* MVVMTests-Bridging-Header.h */ = {isa = PBXFileReference; lastKnownFileType = sourcecode.c.h; path = "MVVMTests-Bridging-Header.h"; sourceTree = "<group>"; };
		8D6B66D625EE1DDF008D150B /* RestaurantTests.swift */ = {isa = PBXFileReference; lastKnownFileType = sourcecode.swift; path = RestaurantTests.swift; sourceTree = "<group>"; };
		8D7685E4260070E000459380 /* AddReviewResponse.swift */ = {isa = PBXFileReference; lastKnownFileType = sourcecode.swift; path = AddReviewResponse.swift; sourceTree = "<group>"; };
		8D7685EC2600744D00459380 /* AddReviewState.swift */ = {isa = PBXFileReference; lastKnownFileType = sourcecode.swift; path = AddReviewState.swift; sourceTree = "<group>"; };
		8D7AD52425DBA6E40033E191 /* MVVM.app */ = {isa = PBXFileReference; explicitFileType = wrapper.application; includeInIndex = 0; path = MVVM.app; sourceTree = BUILT_PRODUCTS_DIR; };
		8D7AD52725DBA6E40033E191 /* AppDelegate.swift */ = {isa = PBXFileReference; lastKnownFileType = sourcecode.swift; path = AppDelegate.swift; sourceTree = "<group>"; };
		8D7AD52925DBA6E40033E191 /* SceneDelegate.swift */ = {isa = PBXFileReference; lastKnownFileType = sourcecode.swift; path = SceneDelegate.swift; sourceTree = "<group>"; };
		8D7AD52B25DBA6E40033E191 /* RestaurantDetailViewController.swift */ = {isa = PBXFileReference; lastKnownFileType = sourcecode.swift; path = RestaurantDetailViewController.swift; sourceTree = "<group>"; };
		8D7AD52E25DBA6E40033E191 /* Base */ = {isa = PBXFileReference; lastKnownFileType = file.storyboard; name = Base; path = Base.lproj/Main.storyboard; sourceTree = "<group>"; };
		8D7AD53025DBA6E40033E191 /* Assets.xcassets */ = {isa = PBXFileReference; lastKnownFileType = folder.assetcatalog; path = Assets.xcassets; sourceTree = "<group>"; };
		8D7AD53325DBA6E40033E191 /* Base */ = {isa = PBXFileReference; lastKnownFileType = file.storyboard; name = Base; path = Base.lproj/LaunchScreen.storyboard; sourceTree = "<group>"; };
		8D7AD53525DBA6E40033E191 /* Info.plist */ = {isa = PBXFileReference; lastKnownFileType = text.plist.xml; path = Info.plist; sourceTree = "<group>"; };
		8D7AD54125DBA7760033E191 /* RestaurantViewModel.swift */ = {isa = PBXFileReference; lastKnownFileType = sourcecode.swift; path = RestaurantViewModel.swift; sourceTree = "<group>"; };
		8D7D823125DCDB9F00622873 /* Helper.swift */ = {isa = PBXFileReference; lastKnownFileType = sourcecode.swift; path = Helper.swift; sourceTree = "<group>"; };
		8D8C4AE225DD6507008D7E7E /* DynamicTypes.swift */ = {isa = PBXFileReference; lastKnownFileType = sourcecode.swift; path = DynamicTypes.swift; sourceTree = "<group>"; };
		8D8C4AE625DD6B73008D7E7E /* RestaurantResponse.swift */ = {isa = PBXFileReference; lastKnownFileType = sourcecode.swift; path = RestaurantResponse.swift; sourceTree = "<group>"; };
		8D8C4AEA25DD6BA5008D7E7E /* RestaurantDetailResponse.swift */ = {isa = PBXFileReference; lastKnownFileType = sourcecode.swift; path = RestaurantDetailResponse.swift; sourceTree = "<group>"; };
		8D8C4AF325DD7052008D7E7E /* RestaurantDetailDataSource.swift */ = {isa = PBXFileReference; lastKnownFileType = sourcecode.swift; path = RestaurantDetailDataSource.swift; sourceTree = "<group>"; };
		8D8C4AFA25DD70A8008D7E7E /* RestaurantDetailCell.swift */ = {isa = PBXFileReference; lastKnownFileType = sourcecode.swift; path = RestaurantDetailCell.swift; sourceTree = "<group>"; };
		8D8C4AFB25DD70A8008D7E7E /* RestaurantDetailCell.xib */ = {isa = PBXFileReference; lastKnownFileType = file.xib; path = RestaurantDetailCell.xib; sourceTree = "<group>"; };
		8D9F358725F743E600D9F8DE /* Tracker.swift */ = {isa = PBXFileReference; lastKnownFileType = sourcecode.swift; path = Tracker.swift; sourceTree = "<group>"; };
		8DA13F5E26011327002492B0 /* ServiceMock.swift */ = {isa = PBXFileReference; lastKnownFileType = sourcecode.swift; path = ServiceMock.swift; sourceTree = "<group>"; };
		8DCE81EF2609ED3000AA2A6F /* AddReviewViewModelTests.swift */ = {isa = PBXFileReference; lastKnownFileType = sourcecode.swift; path = AddReviewViewModelTests.swift; sourceTree = "<group>"; };
		8DF8FB9B25DD7CF5003FFED3 /* AddReviewViewController.swift */ = {isa = PBXFileReference; lastKnownFileType = sourcecode.swift; path = AddReviewViewController.swift; sourceTree = "<group>"; };
		8DF8FB9F25DD7EA6003FFED3 /* AddReviewViewModel.swift */ = {isa = PBXFileReference; lastKnownFileType = sourcecode.swift; path = AddReviewViewModel.swift; sourceTree = "<group>"; };
		992E8350BDBDD2BFEC206745 /* Pods-MVVM.release.xcconfig */ = {isa = PBXFileReference; includeInIndex = 1; lastKnownFileType = text.xcconfig; name = "Pods-MVVM.release.xcconfig"; path = "Target Support Files/Pods-MVVM/Pods-MVVM.release.xcconfig"; sourceTree = "<group>"; };
		AB981C1D8A3C3351DC978DF2 /* Pods-MVVM.debug.xcconfig */ = {isa = PBXFileReference; includeInIndex = 1; lastKnownFileType = text.xcconfig; name = "Pods-MVVM.debug.xcconfig"; path = "Target Support Files/Pods-MVVM/Pods-MVVM.debug.xcconfig"; sourceTree = "<group>"; };
		B736426C7D9C7B88455B8512 /* Pods_MVVM.framework */ = {isa = PBXFileReference; explicitFileType = wrapper.framework; includeInIndex = 0; path = Pods_MVVM.framework; sourceTree = BUILT_PRODUCTS_DIR; };
/* End PBXFileReference section */

/* Begin PBXFrameworksBuildPhase section */
		8D6B66C225EE1CF6008D150B /* Frameworks */ = {
			isa = PBXFrameworksBuildPhase;
			buildActionMask = 2147483647;
			files = (
			);
			runOnlyForDeploymentPostprocessing = 0;
		};
		8D7AD52125DBA6E40033E191 /* Frameworks */ = {
			isa = PBXFrameworksBuildPhase;
			buildActionMask = 2147483647;
			files = (
				2C33435B121433016F3989B5 /* Pods_MVVM.framework in Frameworks */,
			);
			runOnlyForDeploymentPostprocessing = 0;
		};
/* End PBXFrameworksBuildPhase section */

/* Begin PBXGroup section */
		0565D300EF84C3270A481519 /* Pods */ = {
			isa = PBXGroup;
			children = (
				AB981C1D8A3C3351DC978DF2 /* Pods-MVVM.debug.xcconfig */,
				992E8350BDBDD2BFEC206745 /* Pods-MVVM.release.xcconfig */,
			);
			path = Pods;
			sourceTree = "<group>";
		};
		12EA62C55707DE9480081467 /* Frameworks */ = {
			isa = PBXGroup;
			children = (
				B736426C7D9C7B88455B8512 /* Pods_MVVM.framework */,
			);
			name = Frameworks;
			sourceTree = "<group>";
		};
		8D6B66C625EE1CF6008D150B /* MVVMTests */ = {
			isa = PBXGroup;
			children = (
				8D6B66C925EE1CF6008D150B /* Info.plist */,
				8DA13F5E26011327002492B0 /* ServiceMock.swift */,
				8D6B66D625EE1DDF008D150B /* RestaurantTests.swift */,
				8D6B66D525EE1DDF008D150B /* MVVMTests-Bridging-Header.h */,
				8DCE81EF2609ED3000AA2A6F /* AddReviewViewModelTests.swift */,
			);
			path = MVVMTests;
			sourceTree = "<group>";
		};
		8D7685E2260070CD00459380 /* Restaurant */ = {
			isa = PBXGroup;
			children = (
				8D8C4AE625DD6B73008D7E7E /* RestaurantResponse.swift */,
				8D8C4AEA25DD6BA5008D7E7E /* RestaurantDetailResponse.swift */,
			);
			path = Restaurant;
			sourceTree = "<group>";
		};
		8D7685E3260070D500459380 /* Review */ = {
			isa = PBXGroup;
			children = (
				8D7685E4260070E000459380 /* AddReviewResponse.swift */,
			);
			path = Review;
			sourceTree = "<group>";
		};
		8D7AD51B25DBA6E30033E191 = {
			isa = PBXGroup;
			children = (
				8D7AD52625DBA6E40033E191 /* MVVM */,
				8D6B66C625EE1CF6008D150B /* MVVMTests */,
				8D7AD52525DBA6E40033E191 /* Products */,
				0565D300EF84C3270A481519 /* Pods */,
				12EA62C55707DE9480081467 /* Frameworks */,
			);
			sourceTree = "<group>";
		};
		8D7AD52525DBA6E40033E191 /* Products */ = {
			isa = PBXGroup;
			children = (
				8D7AD52425DBA6E40033E191 /* MVVM.app */,
				8D6B66C525EE1CF6008D150B /* MVVMTests.xctest */,
			);
			name = Products;
			sourceTree = "<group>";
		};
		8D7AD52625DBA6E40033E191 /* MVVM */ = {
			isa = PBXGroup;
			children = (
				8D7D822F25DCDB9300622873 /* External */,
				8D7AD53F25DBA7530033E191 /* Service */,
				8D7AD54025DBA7590033E191 /* Model */,
				8D7AD53D25DBA74A0033E191 /* ViewModel */,
				8D7AD53C25DBA7460033E191 /* View */,
				8D7AD52725DBA6E40033E191 /* AppDelegate.swift */,
				8D7AD52925DBA6E40033E191 /* SceneDelegate.swift */,
				8D7AD52D25DBA6E40033E191 /* Main.storyboard */,
				8D7AD53025DBA6E40033E191 /* Assets.xcassets */,
				8D7AD53225DBA6E40033E191 /* LaunchScreen.storyboard */,
				8D7AD53525DBA6E40033E191 /* Info.plist */,
			);
			path = MVVM;
			sourceTree = "<group>";
		};
		8D7AD53C25DBA7460033E191 /* View */ = {
			isa = PBXGroup;
			children = (
				8DF8FB9A25DD7CD5003FFED3 /* AddReview */,
				8D8C4AED25DD6FA4008D7E7E /* RestaurantDetail */,
			);
			path = View;
			sourceTree = "<group>";
		};
		8D7AD53D25DBA74A0033E191 /* ViewModel */ = {
			isa = PBXGroup;
			children = (
				8D7AD54125DBA7760033E191 /* RestaurantViewModel.swift */,
				8DF8FB9F25DD7EA6003FFED3 /* AddReviewViewModel.swift */,
			);
			path = ViewModel;
			sourceTree = "<group>";
		};
		8D7AD53F25DBA7530033E191 /* Service */ = {
			isa = PBXGroup;
			children = (
				8D5C09FF25DBAFEC00F78DC8 /* Service.swift */,
				8D9F358725F743E600D9F8DE /* Tracker.swift */,
			);
			path = Service;
			sourceTree = "<group>";
		};
		8D7AD54025DBA7590033E191 /* Model */ = {
			isa = PBXGroup;
			children = (
				8D8C4AE525DD6B67008D7E7E /* Response */,
				8D5C09FB25DBA91400F78DC8 /* RestaurantModel.swift */,
			);
			path = Model;
			sourceTree = "<group>";
		};
		8D7D822F25DCDB9300622873 /* External */ = {
			isa = PBXGroup;
			children = (
				8D7D823125DCDB9F00622873 /* Helper.swift */,
				8D8C4AE225DD6507008D7E7E /* DynamicTypes.swift */,
				8D01120325DE16A200586535 /* UIBinding.swift */,
			);
			path = External;
			sourceTree = "<group>";
		};
		8D8C4AE525DD6B67008D7E7E /* Response */ = {
			isa = PBXGroup;
			children = (
				8D7685E3260070D500459380 /* Review */,
				8D7685E2260070CD00459380 /* Restaurant */,
			);
			path = Response;
			sourceTree = "<group>";
		};
		8D8C4AED25DD6FA4008D7E7E /* RestaurantDetail */ = {
			isa = PBXGroup;
			children = (
				8D8C4AF025DD6FCB008D7E7E /* DataSource */,
				8D8C4AEF25DD6FC6008D7E7E /* Cell */,
				8D8C4AF125DD6FCE008D7E7E /* UI */,
			);
			path = RestaurantDetail;
			sourceTree = "<group>";
		};
		8D8C4AEF25DD6FC6008D7E7E /* Cell */ = {
			isa = PBXGroup;
			children = (
				8D8C4AFA25DD70A8008D7E7E /* RestaurantDetailCell.swift */,
				8D8C4AFB25DD70A8008D7E7E /* RestaurantDetailCell.xib */,
			);
			path = Cell;
			sourceTree = "<group>";
		};
		8D8C4AF025DD6FCB008D7E7E /* DataSource */ = {
			isa = PBXGroup;
			children = (
				8D8C4AF325DD7052008D7E7E /* RestaurantDetailDataSource.swift */,
			);
			path = DataSource;
			sourceTree = "<group>";
		};
		8D8C4AF125DD6FCE008D7E7E /* UI */ = {
			isa = PBXGroup;
			children = (
				8D7AD52B25DBA6E40033E191 /* RestaurantDetailViewController.swift */,
			);
			path = UI;
			sourceTree = "<group>";
		};
		8DF8FB9A25DD7CD5003FFED3 /* AddReview */ = {
			isa = PBXGroup;
			children = (
				8DF8FB9B25DD7CF5003FFED3 /* AddReviewViewController.swift */,
				8D7685EC2600744D00459380 /* AddReviewState.swift */,
			);
			path = AddReview;
			sourceTree = "<group>";
		};
/* End PBXGroup section */

/* Begin PBXNativeTarget section */
		8D6B66C425EE1CF6008D150B /* MVVMTests */ = {
			isa = PBXNativeTarget;
			buildConfigurationList = 8D6B66CC25EE1CF6008D150B /* Build configuration list for PBXNativeTarget "MVVMTests" */;
			buildPhases = (
				8D6B66C125EE1CF6008D150B /* Sources */,
				8D6B66C225EE1CF6008D150B /* Frameworks */,
				8D6B66C325EE1CF6008D150B /* Resources */,
			);
			buildRules = (
			);
			dependencies = (
				8D6B66CB25EE1CF6008D150B /* PBXTargetDependency */,
			);
			name = MVVMTests;
			productName = MVVMTests;
			productReference = 8D6B66C525EE1CF6008D150B /* MVVMTests.xctest */;
			productType = "com.apple.product-type.bundle.unit-test";
		};
		8D7AD52325DBA6E40033E191 /* MVVM */ = {
			isa = PBXNativeTarget;
			buildConfigurationList = 8D7AD53825DBA6E40033E191 /* Build configuration list for PBXNativeTarget "MVVM" */;
			buildPhases = (
				C62D9CCC57143789DA512269 /* [CP] Check Pods Manifest.lock */,
				8D7AD52025DBA6E40033E191 /* Sources */,
				8D7AD52125DBA6E40033E191 /* Frameworks */,
				8D7AD52225DBA6E40033E191 /* Resources */,
				6569E42AD7CC072800962372 /* [CP] Embed Pods Frameworks */,
			);
			buildRules = (
			);
			dependencies = (
			);
			name = MVVM;
			productName = MVVM;
			productReference = 8D7AD52425DBA6E40033E191 /* MVVM.app */;
			productType = "com.apple.product-type.application";
		};
/* End PBXNativeTarget section */

/* Begin PBXProject section */
		8D7AD51C25DBA6E30033E191 /* Project object */ = {
			isa = PBXProject;
			attributes = {
				LastSwiftUpdateCheck = 1220;
				LastUpgradeCheck = 1220;
				TargetAttributes = {
					8D6B66C425EE1CF6008D150B = {
						CreatedOnToolsVersion = 12.2;
						LastSwiftMigration = 1220;
						TestTargetID = 8D7AD52325DBA6E40033E191;
					};
					8D7AD52325DBA6E40033E191 = {
						CreatedOnToolsVersion = 12.2;
					};
				};
			};
			buildConfigurationList = 8D7AD51F25DBA6E30033E191 /* Build configuration list for PBXProject "MVVM" */;
			compatibilityVersion = "Xcode 9.3";
			developmentRegion = en;
			hasScannedForEncodings = 0;
			knownRegions = (
				en,
				Base,
			);
			mainGroup = 8D7AD51B25DBA6E30033E191;
			productRefGroup = 8D7AD52525DBA6E40033E191 /* Products */;
			projectDirPath = "";
			projectRoot = "";
			targets = (
				8D7AD52325DBA6E40033E191 /* MVVM */,
				8D6B66C425EE1CF6008D150B /* MVVMTests */,
			);
		};
/* End PBXProject section */

/* Begin PBXResourcesBuildPhase section */
		8D6B66C325EE1CF6008D150B /* Resources */ = {
			isa = PBXResourcesBuildPhase;
			buildActionMask = 2147483647;
			files = (
			);
			runOnlyForDeploymentPostprocessing = 0;
		};
		8D7AD52225DBA6E40033E191 /* Resources */ = {
			isa = PBXResourcesBuildPhase;
			buildActionMask = 2147483647;
			files = (
				8D7AD53425DBA6E40033E191 /* LaunchScreen.storyboard in Resources */,
				8D8C4AFD25DD70A8008D7E7E /* RestaurantDetailCell.xib in Resources */,
				8D7AD53125DBA6E40033E191 /* Assets.xcassets in Resources */,
				8D7AD52F25DBA6E40033E191 /* Main.storyboard in Resources */,
			);
			runOnlyForDeploymentPostprocessing = 0;
		};
/* End PBXResourcesBuildPhase section */

/* Begin PBXShellScriptBuildPhase section */
		6569E42AD7CC072800962372 /* [CP] Embed Pods Frameworks */ = {
			isa = PBXShellScriptBuildPhase;
			buildActionMask = 2147483647;
			files = (
			);
			inputFileListPaths = (
				"${PODS_ROOT}/Target Support Files/Pods-MVVM/Pods-MVVM-frameworks-${CONFIGURATION}-input-files.xcfilelist",
			);
			name = "[CP] Embed Pods Frameworks";
			outputFileListPaths = (
				"${PODS_ROOT}/Target Support Files/Pods-MVVM/Pods-MVVM-frameworks-${CONFIGURATION}-output-files.xcfilelist",
			);
			runOnlyForDeploymentPostprocessing = 0;
			shellPath = /bin/sh;
			shellScript = "\"${PODS_ROOT}/Target Support Files/Pods-MVVM/Pods-MVVM-frameworks.sh\"\n";
			showEnvVarsInLog = 0;
		};
		C62D9CCC57143789DA512269 /* [CP] Check Pods Manifest.lock */ = {
			isa = PBXShellScriptBuildPhase;
			buildActionMask = 2147483647;
			files = (
			);
			inputFileListPaths = (
			);
			inputPaths = (
				"${PODS_PODFILE_DIR_PATH}/Podfile.lock",
				"${PODS_ROOT}/Manifest.lock",
			);
			name = "[CP] Check Pods Manifest.lock";
			outputFileListPaths = (
			);
			outputPaths = (
				"$(DERIVED_FILE_DIR)/Pods-MVVM-checkManifestLockResult.txt",
			);
			runOnlyForDeploymentPostprocessing = 0;
			shellPath = /bin/sh;
			shellScript = "diff \"${PODS_PODFILE_DIR_PATH}/Podfile.lock\" \"${PODS_ROOT}/Manifest.lock\" > /dev/null\nif [ $? != 0 ] ; then\n    # print error to STDERR\n    echo \"error: The sandbox is not in sync with the Podfile.lock. Run 'pod install' or update your CocoaPods installation.\" >&2\n    exit 1\nfi\n# This output is used by Xcode 'outputs' to avoid re-running this script phase.\necho \"SUCCESS\" > \"${SCRIPT_OUTPUT_FILE_0}\"\n";
			showEnvVarsInLog = 0;
		};
/* End PBXShellScriptBuildPhase section */

/* Begin PBXSourcesBuildPhase section */
		8D6B66C125EE1CF6008D150B /* Sources */ = {
			isa = PBXSourcesBuildPhase;
			buildActionMask = 2147483647;
			files = (
				8D6B66D725EE1DDF008D150B /* RestaurantTests.swift in Sources */,
				8DCE81F02609ED3100AA2A6F /* AddReviewViewModelTests.swift in Sources */,
				8DA13F5F26011327002492B0 /* ServiceMock.swift in Sources */,
			);
			runOnlyForDeploymentPostprocessing = 0;
		};
		8D7AD52025DBA6E40033E191 /* Sources */ = {
			isa = PBXSourcesBuildPhase;
			buildActionMask = 2147483647;
			files = (
				8D7685E5260070E000459380 /* AddReviewResponse.swift in Sources */,
				8D7AD52C25DBA6E40033E191 /* RestaurantDetailViewController.swift in Sources */,
				8D8C4AFC25DD70A8008D7E7E /* RestaurantDetailCell.swift in Sources */,
				8D7D823225DCDB9F00622873 /* Helper.swift in Sources */,
				8D01120425DE16A200586535 /* UIBinding.swift in Sources */,
				8D9F358825F743E600D9F8DE /* Tracker.swift in Sources */,
				8D8C4AEB25DD6BA5008D7E7E /* RestaurantDetailResponse.swift in Sources */,
				8D7AD52825DBA6E40033E191 /* AppDelegate.swift in Sources */,
				8D7AD54225DBA7760033E191 /* RestaurantViewModel.swift in Sources */,
				8D7685ED2600744D00459380 /* AddReviewState.swift in Sources */,
				8D8C4AE725DD6B73008D7E7E /* RestaurantResponse.swift in Sources */,
				8DF8FB9C25DD7CF5003FFED3 /* AddReviewViewController.swift in Sources */,
				8DF8FBA025DD7EA6003FFED3 /* AddReviewViewModel.swift in Sources */,
				8D7AD52A25DBA6E40033E191 /* SceneDelegate.swift in Sources */,
				8D5C09FC25DBA91400F78DC8 /* RestaurantModel.swift in Sources */,
				8D5C0A0025DBAFEC00F78DC8 /* Service.swift in Sources */,
				8D8C4AF425DD7052008D7E7E /* RestaurantDetailDataSource.swift in Sources */,
				8D8C4AE325DD6507008D7E7E /* DynamicTypes.swift in Sources */,
			);
			runOnlyForDeploymentPostprocessing = 0;
		};
/* End PBXSourcesBuildPhase section */

/* Begin PBXTargetDependency section */
		8D6B66CB25EE1CF6008D150B /* PBXTargetDependency */ = {
			isa = PBXTargetDependency;
			target = 8D7AD52325DBA6E40033E191 /* MVVM */;
			targetProxy = 8D6B66CA25EE1CF6008D150B /* PBXContainerItemProxy */;
		};
/* End PBXTargetDependency section */

/* Begin PBXVariantGroup section */
		8D7AD52D25DBA6E40033E191 /* Main.storyboard */ = {
			isa = PBXVariantGroup;
			children = (
				8D7AD52E25DBA6E40033E191 /* Base */,
			);
			name = Main.storyboard;
			sourceTree = "<group>";
		};
		8D7AD53225DBA6E40033E191 /* LaunchScreen.storyboard */ = {
			isa = PBXVariantGroup;
			children = (
				8D7AD53325DBA6E40033E191 /* Base */,
			);
			name = LaunchScreen.storyboard;
			sourceTree = "<group>";
		};
/* End PBXVariantGroup section */

/* Begin XCBuildConfiguration section */
		8D6B66CD25EE1CF6008D150B /* Debug */ = {
			isa = XCBuildConfiguration;
			buildSettings = {
				BUNDLE_LOADER = "$(TEST_HOST)";
				CLANG_ENABLE_MODULES = YES;
				CODE_SIGN_STYLE = Automatic;
				DEVELOPMENT_TEAM = 53SF4C62VG;
				INFOPLIST_FILE = MVVMTests/Info.plist;
				LD_RUNPATH_SEARCH_PATHS = (
					"$(inherited)",
					"@executable_path/Frameworks",
					"@loader_path/Frameworks",
				);
				PRODUCT_BUNDLE_IDENTIFIER = Tunaiku.MVVMTests;
				PRODUCT_NAME = "$(TARGET_NAME)";
				SWIFT_OBJC_BRIDGING_HEADER = "MVVMTests/MVVMTests-Bridging-Header.h";
				SWIFT_OPTIMIZATION_LEVEL = "-Onone";
				SWIFT_VERSION = 5.0;
				TARGETED_DEVICE_FAMILY = "1,2";
				TEST_HOST = "$(BUILT_PRODUCTS_DIR)/MVVM.app/MVVM";
			};
			name = Debug;
		};
		8D6B66CE25EE1CF6008D150B /* Release */ = {
			isa = XCBuildConfiguration;
			buildSettings = {
				BUNDLE_LOADER = "$(TEST_HOST)";
				CLANG_ENABLE_MODULES = YES;
				CODE_SIGN_STYLE = Automatic;
				DEVELOPMENT_TEAM = 53SF4C62VG;
				INFOPLIST_FILE = MVVMTests/Info.plist;
				LD_RUNPATH_SEARCH_PATHS = (
					"$(inherited)",
					"@executable_path/Frameworks",
					"@loader_path/Frameworks",
				);
				PRODUCT_BUNDLE_IDENTIFIER = Tunaiku.MVVMTests;
				PRODUCT_NAME = "$(TARGET_NAME)";
				SWIFT_OBJC_BRIDGING_HEADER = "MVVMTests/MVVMTests-Bridging-Header.h";
				SWIFT_VERSION = 5.0;
				TARGETED_DEVICE_FAMILY = "1,2";
				TEST_HOST = "$(BUILT_PRODUCTS_DIR)/MVVM.app/MVVM";
			};
			name = Release;
		};
		8D7AD53625DBA6E40033E191 /* Debug */ = {
			isa = XCBuildConfiguration;
			buildSettings = {
				ALWAYS_SEARCH_USER_PATHS = NO;
				CLANG_ANALYZER_NONNULL = YES;
				CLANG_ANALYZER_NUMBER_OBJECT_CONVERSION = YES_AGGRESSIVE;
				CLANG_CXX_LANGUAGE_STANDARD = "gnu++14";
				CLANG_CXX_LIBRARY = "libc++";
				CLANG_ENABLE_MODULES = YES;
				CLANG_ENABLE_OBJC_ARC = YES;
				CLANG_ENABLE_OBJC_WEAK = YES;
				CLANG_WARN_BLOCK_CAPTURE_AUTORELEASING = YES;
				CLANG_WARN_BOOL_CONVERSION = YES;
				CLANG_WARN_COMMA = YES;
				CLANG_WARN_CONSTANT_CONVERSION = YES;
				CLANG_WARN_DEPRECATED_OBJC_IMPLEMENTATIONS = YES;
				CLANG_WARN_DIRECT_OBJC_ISA_USAGE = YES_ERROR;
				CLANG_WARN_DOCUMENTATION_COMMENTS = YES;
				CLANG_WARN_EMPTY_BODY = YES;
				CLANG_WARN_ENUM_CONVERSION = YES;
				CLANG_WARN_INFINITE_RECURSION = YES;
				CLANG_WARN_INT_CONVERSION = YES;
				CLANG_WARN_NON_LITERAL_NULL_CONVERSION = YES;
				CLANG_WARN_OBJC_IMPLICIT_RETAIN_SELF = YES;
				CLANG_WARN_OBJC_LITERAL_CONVERSION = YES;
				CLANG_WARN_OBJC_ROOT_CLASS = YES_ERROR;
				CLANG_WARN_QUOTED_INCLUDE_IN_FRAMEWORK_HEADER = YES;
				CLANG_WARN_RANGE_LOOP_ANALYSIS = YES;
				CLANG_WARN_STRICT_PROTOTYPES = YES;
				CLANG_WARN_SUSPICIOUS_MOVE = YES;
				CLANG_WARN_UNGUARDED_AVAILABILITY = YES_AGGRESSIVE;
				CLANG_WARN_UNREACHABLE_CODE = YES;
				CLANG_WARN__DUPLICATE_METHOD_MATCH = YES;
				COPY_PHASE_STRIP = NO;
				DEBUG_INFORMATION_FORMAT = dwarf;
				ENABLE_STRICT_OBJC_MSGSEND = YES;
				ENABLE_TESTABILITY = YES;
				GCC_C_LANGUAGE_STANDARD = gnu11;
				GCC_DYNAMIC_NO_PIC = NO;
				GCC_NO_COMMON_BLOCKS = YES;
				GCC_OPTIMIZATION_LEVEL = 0;
				GCC_PREPROCESSOR_DEFINITIONS = (
					"DEBUG=1",
					"$(inherited)",
				);
				GCC_WARN_64_TO_32_BIT_CONVERSION = YES;
				GCC_WARN_ABOUT_RETURN_TYPE = YES_ERROR;
				GCC_WARN_UNDECLARED_SELECTOR = YES;
				GCC_WARN_UNINITIALIZED_AUTOS = YES_AGGRESSIVE;
				GCC_WARN_UNUSED_FUNCTION = YES;
				GCC_WARN_UNUSED_VARIABLE = YES;
				IPHONEOS_DEPLOYMENT_TARGET = 14.2;
				MTL_ENABLE_DEBUG_INFO = INCLUDE_SOURCE;
				MTL_FAST_MATH = YES;
				ONLY_ACTIVE_ARCH = YES;
				SDKROOT = iphoneos;
				SWIFT_ACTIVE_COMPILATION_CONDITIONS = DEBUG;
				SWIFT_OPTIMIZATION_LEVEL = "-Onone";
			};
			name = Debug;
		};
		8D7AD53725DBA6E40033E191 /* Release */ = {
			isa = XCBuildConfiguration;
			buildSettings = {
				ALWAYS_SEARCH_USER_PATHS = NO;
				CLANG_ANALYZER_NONNULL = YES;
				CLANG_ANALYZER_NUMBER_OBJECT_CONVERSION = YES_AGGRESSIVE;
				CLANG_CXX_LANGUAGE_STANDARD = "gnu++14";
				CLANG_CXX_LIBRARY = "libc++";
				CLANG_ENABLE_MODULES = YES;
				CLANG_ENABLE_OBJC_ARC = YES;
				CLANG_ENABLE_OBJC_WEAK = YES;
				CLANG_WARN_BLOCK_CAPTURE_AUTORELEASING = YES;
				CLANG_WARN_BOOL_CONVERSION = YES;
				CLANG_WARN_COMMA = YES;
				CLANG_WARN_CONSTANT_CONVERSION = YES;
				CLANG_WARN_DEPRECATED_OBJC_IMPLEMENTATIONS = YES;
				CLANG_WARN_DIRECT_OBJC_ISA_USAGE = YES_ERROR;
				CLANG_WARN_DOCUMENTATION_COMMENTS = YES;
				CLANG_WARN_EMPTY_BODY = YES;
				CLANG_WARN_ENUM_CONVERSION = YES;
				CLANG_WARN_INFINITE_RECURSION = YES;
				CLANG_WARN_INT_CONVERSION = YES;
				CLANG_WARN_NON_LITERAL_NULL_CONVERSION = YES;
				CLANG_WARN_OBJC_IMPLICIT_RETAIN_SELF = YES;
				CLANG_WARN_OBJC_LITERAL_CONVERSION = YES;
				CLANG_WARN_OBJC_ROOT_CLASS = YES_ERROR;
				CLANG_WARN_QUOTED_INCLUDE_IN_FRAMEWORK_HEADER = YES;
				CLANG_WARN_RANGE_LOOP_ANALYSIS = YES;
				CLANG_WARN_STRICT_PROTOTYPES = YES;
				CLANG_WARN_SUSPICIOUS_MOVE = YES;
				CLANG_WARN_UNGUARDED_AVAILABILITY = YES_AGGRESSIVE;
				CLANG_WARN_UNREACHABLE_CODE = YES;
				CLANG_WARN__DUPLICATE_METHOD_MATCH = YES;
				COPY_PHASE_STRIP = NO;
				DEBUG_INFORMATION_FORMAT = "dwarf-with-dsym";
				ENABLE_NS_ASSERTIONS = NO;
				ENABLE_STRICT_OBJC_MSGSEND = YES;
				GCC_C_LANGUAGE_STANDARD = gnu11;
				GCC_NO_COMMON_BLOCKS = YES;
				GCC_WARN_64_TO_32_BIT_CONVERSION = YES;
				GCC_WARN_ABOUT_RETURN_TYPE = YES_ERROR;
				GCC_WARN_UNDECLARED_SELECTOR = YES;
				GCC_WARN_UNINITIALIZED_AUTOS = YES_AGGRESSIVE;
				GCC_WARN_UNUSED_FUNCTION = YES;
				GCC_WARN_UNUSED_VARIABLE = YES;
				IPHONEOS_DEPLOYMENT_TARGET = 14.2;
				MTL_ENABLE_DEBUG_INFO = NO;
				MTL_FAST_MATH = YES;
				SDKROOT = iphoneos;
				SWIFT_COMPILATION_MODE = wholemodule;
				SWIFT_OPTIMIZATION_LEVEL = "-O";
				VALIDATE_PRODUCT = YES;
			};
			name = Release;
		};
		8D7AD53925DBA6E40033E191 /* Debug */ = {
			isa = XCBuildConfiguration;
			baseConfigurationReference = AB981C1D8A3C3351DC978DF2 /* Pods-MVVM.debug.xcconfig */;
			buildSettings = {
				ASSETCATALOG_COMPILER_APPICON_NAME = AppIcon;
				ASSETCATALOG_COMPILER_GLOBAL_ACCENT_COLOR_NAME = AccentColor;
				CODE_SIGN_STYLE = Automatic;
				DEVELOPMENT_TEAM = 53SF4C62VG;
				INFOPLIST_FILE = MVVM/Info.plist;
				LD_RUNPATH_SEARCH_PATHS = (
					"$(inherited)",
					"@executable_path/Frameworks",
				);
				PRODUCT_BUNDLE_IDENTIFIER = Tunaiku.MVVM;
				PRODUCT_NAME = "$(TARGET_NAME)";
				SWIFT_VERSION = 5.0;
				TARGETED_DEVICE_FAMILY = "1,2";
			};
			name = Debug;
		};
		8D7AD53A25DBA6E40033E191 /* Release */ = {
			isa = XCBuildConfiguration;
			baseConfigurationReference = 992E8350BDBDD2BFEC206745 /* Pods-MVVM.release.xcconfig */;
			buildSettings = {
				ASSETCATALOG_COMPILER_APPICON_NAME = AppIcon;
				ASSETCATALOG_COMPILER_GLOBAL_ACCENT_COLOR_NAME = AccentColor;
				CODE_SIGN_STYLE = Automatic;
				DEVELOPMENT_TEAM = 53SF4C62VG;
				INFOPLIST_FILE = MVVM/Info.plist;
				LD_RUNPATH_SEARCH_PATHS = (
					"$(inherited)",
					"@executable_path/Frameworks",
				);
				PRODUCT_BUNDLE_IDENTIFIER = Tunaiku.MVVM;
				PRODUCT_NAME = "$(TARGET_NAME)";
				SWIFT_VERSION = 5.0;
				TARGETED_DEVICE_FAMILY = "1,2";
			};
			name = Release;
		};
/* End XCBuildConfiguration section */

/* Begin XCConfigurationList section */
		8D6B66CC25EE1CF6008D150B /* Build configuration list for PBXNativeTarget "MVVMTests" */ = {
			isa = XCConfigurationList;
			buildConfigurations = (
				8D6B66CD25EE1CF6008D150B /* Debug */,
				8D6B66CE25EE1CF6008D150B /* Release */,
			);
			defaultConfigurationIsVisible = 0;
			defaultConfigurationName = Release;
		};
		8D7AD51F25DBA6E30033E191 /* Build configuration list for PBXProject "MVVM" */ = {
			isa = XCConfigurationList;
			buildConfigurations = (
				8D7AD53625DBA6E40033E191 /* Debug */,
				8D7AD53725DBA6E40033E191 /* Release */,
			);
			defaultConfigurationIsVisible = 0;
			defaultConfigurationName = Release;
		};
		8D7AD53825DBA6E40033E191 /* Build configuration list for PBXNativeTarget "MVVM" */ = {
			isa = XCConfigurationList;
			buildConfigurations = (
				8D7AD53925DBA6E40033E191 /* Debug */,
				8D7AD53A25DBA6E40033E191 /* Release */,
			);
			defaultConfigurationIsVisible = 0;
			defaultConfigurationName = Release;
		};
/* End XCConfigurationList section */
	};
	rootObject = 8D7AD51C25DBA6E30033E191 /* Project object */;
}
